// !$*UTF8*$!
{
	archiveVersion = 1;
	classes = {
	};
	objectVersion = 46;
	objects = {

/* Begin PBXBuildFile section */
		185F178D1E2DB35C00C4B73D /* main.m in Sources */ = {isa = PBXBuildFile; fileRef = 185F178C1E2DB35C00C4B73D /* main.m */; };
		185F17901E2DB35C00C4B73D /* AppDelegate.m in Sources */ = {isa = PBXBuildFile; fileRef = 185F178F1E2DB35C00C4B73D /* AppDelegate.m */; };
		185F17931E2DB35C00C4B73D /* ViewController.m in Sources */ = {isa = PBXBuildFile; fileRef = 185F17921E2DB35C00C4B73D /* ViewController.m */; };
		185F17961E2DB35C00C4B73D /* Main.storyboard in Resources */ = {isa = PBXBuildFile; fileRef = 185F17941E2DB35C00C4B73D /* Main.storyboard */; };
		185F17981E2DB35C00C4B73D /* Assets.xcassets in Resources */ = {isa = PBXBuildFile; fileRef = 185F17971E2DB35C00C4B73D /* Assets.xcassets */; };
		185F179B1E2DB35C00C4B73D /* LaunchScreen.storyboard in Resources */ = {isa = PBXBuildFile; fileRef = 185F17991E2DB35C00C4B73D /* LaunchScreen.storyboard */; };
		185F17A51E2DB36D00C4B73D /* server.js in Resources */ = {isa = PBXBuildFile; fileRef = 185F17A21E2DB36D00C4B73D /* server.js */; };
		185F17A61E2DB36D00C4B73D /* SocketManager.m in Sources */ = {isa = PBXBuildFile; fileRef = 185F17A41E2DB36D00C4B73D /* SocketManager.m */; };
		185F17A91E2DB8B700C4B73D /* GCDAsynManager.m in Sources */ = {isa = PBXBuildFile; fileRef = 185F17A81E2DB8B700C4B73D /* GCDAsynManager.m */; };
		185F17AD1E2DB9BD00C4B73D /* GCDAsyncSocket.m in Sources */ = {isa = PBXBuildFile; fileRef = 185F17AC1E2DB9BD00C4B73D /* GCDAsyncSocket.m */; settings = {COMPILER_FLAGS = "-fno-objc-arc"; }; };
		185F17F91E2DBC9B00C4B73D /* WebSocketManager.m in Sources */ = {isa = PBXBuildFile; fileRef = 185F17F81E2DBC9B00C4B73D /* WebSocketManager.m */; };
		185F17FB1E2DC0B400C4B73D /* WSServer.js in Resources */ = {isa = PBXBuildFile; fileRef = 185F17FA1E2DC0B400C4B73D /* WSServer.js */; };
		185F18001E2DC42000C4B73D /* MQTTManager.m in Sources */ = {isa = PBXBuildFile; fileRef = 185F17FF1E2DC42000C4B73D /* MQTTManager.m */; };
		185F18021E2DC5B800C4B73D /* MQTTServer.js in Resources */ = {isa = PBXBuildFile; fileRef = 185F18011E2DC5B800C4B73D /* MQTTServer.js */; };
		C08C99DD99F0D87BC67930CD /* Pods_IMWIthSocketDemo.framework in Frameworks */ = {isa = PBXBuildFile; fileRef = ADFE1874B2D65369865C0118 /* Pods_IMWIthSocketDemo.framework */; };
/* End PBXBuildFile section */

/* Begin PBXFileReference section */
		185F17881E2DB35C00C4B73D /* IMWIthSocketDemo.app */ = {isa = PBXFileReference; explicitFileType = wrapper.application; includeInIndex = 0; path = IMWIthSocketDemo.app; sourceTree = BUILT_PRODUCTS_DIR; };
		185F178C1E2DB35C00C4B73D /* main.m */ = {isa = PBXFileReference; lastKnownFileType = sourcecode.c.objc; path = main.m; sourceTree = "<group>"; };
		185F178E1E2DB35C00C4B73D /* AppDelegate.h */ = {isa = PBXFileReference; lastKnownFileType = sourcecode.c.h; path = AppDelegate.h; sourceTree = "<group>"; };
		185F178F1E2DB35C00C4B73D /* AppDelegate.m */ = {isa = PBXFileReference; lastKnownFileType = sourcecode.c.objc; path = AppDelegate.m; sourceTree = "<group>"; };
		185F17911E2DB35C00C4B73D /* ViewController.h */ = {isa = PBXFileReference; lastKnownFileType = sourcecode.c.h; path = ViewController.h; sourceTree = "<group>"; };
		185F17921E2DB35C00C4B73D /* ViewController.m */ = {isa = PBXFileReference; lastKnownFileType = sourcecode.c.objc; path = ViewController.m; sourceTree = "<group>"; };
		185F17951E2DB35C00C4B73D /* Base */ = {isa = PBXFileReference; lastKnownFileType = file.storyboard; name = Base; path = Base.lproj/Main.storyboard; sourceTree = "<group>"; };
		185F17971E2DB35C00C4B73D /* Assets.xcassets */ = {isa = PBXFileReference; lastKnownFileType = folder.assetcatalog; path = Assets.xcassets; sourceTree = "<group>"; };
		185F179A1E2DB35C00C4B73D /* Base */ = {isa = PBXFileReference; lastKnownFileType = file.storyboard; name = Base; path = Base.lproj/LaunchScreen.storyboard; sourceTree = "<group>"; };
		185F179C1E2DB35C00C4B73D /* Info.plist */ = {isa = PBXFileReference; lastKnownFileType = text.plist.xml; path = Info.plist; sourceTree = "<group>"; };
		185F17A21E2DB36D00C4B73D /* server.js */ = {isa = PBXFileReference; fileEncoding = 4; lastKnownFileType = sourcecode.javascript; path = server.js; sourceTree = "<group>"; };
		185F17A31E2DB36D00C4B73D /* SocketManager.h */ = {isa = PBXFileReference; fileEncoding = 4; lastKnownFileType = sourcecode.c.h; path = SocketManager.h; sourceTree = "<group>"; };
		185F17A41E2DB36D00C4B73D /* SocketManager.m */ = {isa = PBXFileReference; fileEncoding = 4; lastKnownFileType = sourcecode.c.objc; path = SocketManager.m; sourceTree = "<group>"; };
		185F17A71E2DB8B700C4B73D /* GCDAsynManager.h */ = {isa = PBXFileReference; fileEncoding = 4; lastKnownFileType = sourcecode.c.h; path = GCDAsynManager.h; sourceTree = "<group>"; };
		185F17A81E2DB8B700C4B73D /* GCDAsynManager.m */ = {isa = PBXFileReference; fileEncoding = 4; lastKnownFileType = sourcecode.c.objc; path = GCDAsynManager.m; sourceTree = "<group>"; };
		185F17AB1E2DB9BD00C4B73D /* GCDAsyncSocket.h */ = {isa = PBXFileReference; fileEncoding = 4; lastKnownFileType = sourcecode.c.h; path = GCDAsyncSocket.h; sourceTree = "<group>"; };
		185F17AC1E2DB9BD00C4B73D /* GCDAsyncSocket.m */ = {isa = PBXFileReference; fileEncoding = 4; lastKnownFileType = sourcecode.c.objc; path = GCDAsyncSocket.m; sourceTree = "<group>"; };
		185F17F71E2DBC9B00C4B73D /* WebSocketManager.h */ = {isa = PBXFileReference; fileEncoding = 4; lastKnownFileType = sourcecode.c.h; path = WebSocketManager.h; sourceTree = "<group>"; };
		185F17F81E2DBC9B00C4B73D /* WebSocketManager.m */ = {isa = PBXFileReference; fileEncoding = 4; lastKnownFileType = sourcecode.c.objc; path = WebSocketManager.m; sourceTree = "<group>"; };
		185F17FA1E2DC0B400C4B73D /* WSServer.js */ = {isa = PBXFileReference; fileEncoding = 4; lastKnownFileType = sourcecode.javascript; path = WSServer.js; sourceTree = "<group>"; };
		185F17FE1E2DC42000C4B73D /* MQTTManager.h */ = {isa = PBXFileReference; fileEncoding = 4; lastKnownFileType = sourcecode.c.h; path = MQTTManager.h; sourceTree = "<group>"; };
		185F17FF1E2DC42000C4B73D /* MQTTManager.m */ = {isa = PBXFileReference; fileEncoding = 4; lastKnownFileType = sourcecode.c.objc; path = MQTTManager.m; sourceTree = "<group>"; };
		185F18011E2DC5B800C4B73D /* MQTTServer.js */ = {isa = PBXFileReference; fileEncoding = 4; lastKnownFileType = sourcecode.javascript; path = MQTTServer.js; sourceTree = "<group>"; };
		2652B823224AFBEB39B07835 /* Pods-IMWIthSocketDemo.release.xcconfig */ = {isa = PBXFileReference; includeInIndex = 1; lastKnownFileType = text.xcconfig; name = "Pods-IMWIthSocketDemo.release.xcconfig"; path = "Pods/Target Support Files/Pods-IMWIthSocketDemo/Pods-IMWIthSocketDemo.release.xcconfig"; sourceTree = "<group>"; };
		60EA0EB9F22137A8DA2BAA17 /* Pods-IMWIthSocketDemo.debug.xcconfig */ = {isa = PBXFileReference; includeInIndex = 1; lastKnownFileType = text.xcconfig; name = "Pods-IMWIthSocketDemo.debug.xcconfig"; path = "Pods/Target Support Files/Pods-IMWIthSocketDemo/Pods-IMWIthSocketDemo.debug.xcconfig"; sourceTree = "<group>"; };
		ADFE1874B2D65369865C0118 /* Pods_IMWIthSocketDemo.framework */ = {isa = PBXFileReference; explicitFileType = wrapper.framework; includeInIndex = 0; path = Pods_IMWIthSocketDemo.framework; sourceTree = BUILT_PRODUCTS_DIR; };
/* End PBXFileReference section */

/* Begin PBXFrameworksBuildPhase section */
		185F17851E2DB35C00C4B73D /* Frameworks */ = {
			isa = PBXFrameworksBuildPhase;
			buildActionMask = 2147483647;
			files = (
				C08C99DD99F0D87BC67930CD /* Pods_IMWIthSocketDemo.framework in Frameworks */,
			);
			runOnlyForDeploymentPostprocessing = 0;
		};
/* End PBXFrameworksBuildPhase section */

/* Begin PBXGroup section */
		185F177F1E2DB35C00C4B73D = {
			isa = PBXGroup;
			children = (
				185F178A1E2DB35C00C4B73D /* IMWIthSocketDemo */,
				185F17891E2DB35C00C4B73D /* Products */,
				1D47ED5F58087FD9F34BFC6F /* Pods */,
				7FABACA4B41717E0A2EAD945 /* Frameworks */,
			);
			sourceTree = "<group>";
		};
		185F17891E2DB35C00C4B73D /* Products */ = {
			isa = PBXGroup;
			children = (
				185F17881E2DB35C00C4B73D /* IMWIthSocketDemo.app */,
			);
			name = Products;
			sourceTree = "<group>";
		};
		185F178A1E2DB35C00C4B73D /* IMWIthSocketDemo */ = {
			isa = PBXGroup;
			children = (
				185F178E1E2DB35C00C4B73D /* AppDelegate.h */,
				185F178F1E2DB35C00C4B73D /* AppDelegate.m */,
				185F17911E2DB35C00C4B73D /* ViewController.h */,
				185F17921E2DB35C00C4B73D /* ViewController.m */,
				185F17FC1E2DC0B700C4B73D /* nodejs */,
				185F17AE1E2DBBC900C4B73D /* Socket */,
				185F17AA1E2DB9A500C4B73D /* GCDAsynSocket */,
				185F17AF1E2DBBD300C4B73D /* WebSocket */,
				185F17FD1E2DC0DD00C4B73D /* MQTT */,
				185F18031E2DCBE700C4B73D /* XMPP */,
				185F17941E2DB35C00C4B73D /* Main.storyboard */,
				185F17971E2DB35C00C4B73D /* Assets.xcassets */,
				185F17991E2DB35C00C4B73D /* LaunchScreen.storyboard */,
				185F179C1E2DB35C00C4B73D /* Info.plist */,
				185F178B1E2DB35C00C4B73D /* Supporting Files */,
			);
			path = IMWIthSocketDemo;
			sourceTree = "<group>";
		};
		185F178B1E2DB35C00C4B73D /* Supporting Files */ = {
			isa = PBXGroup;
			children = (
				185F178C1E2DB35C00C4B73D /* main.m */,
			);
			name = "Supporting Files";
			sourceTree = "<group>";
		};
		185F17AA1E2DB9A500C4B73D /* GCDAsynSocket */ = {
			isa = PBXGroup;
			children = (
				185F17AB1E2DB9BD00C4B73D /* GCDAsyncSocket.h */,
				185F17AC1E2DB9BD00C4B73D /* GCDAsyncSocket.m */,
				185F17A71E2DB8B700C4B73D /* GCDAsynManager.h */,
				185F17A81E2DB8B700C4B73D /* GCDAsynManager.m */,
			);
			name = GCDAsynSocket;
			sourceTree = "<group>";
		};
		185F17AE1E2DBBC900C4B73D /* Socket */ = {
			isa = PBXGroup;
			children = (
				185F17A31E2DB36D00C4B73D /* SocketManager.h */,
				185F17A41E2DB36D00C4B73D /* SocketManager.m */,
			);
			name = Socket;
			sourceTree = "<group>";
		};
		185F17AF1E2DBBD300C4B73D /* WebSocket */ = {
			isa = PBXGroup;
			children = (
				185F17FA1E2DC0B400C4B73D /* WSServer.js */,
				185F17F71E2DBC9B00C4B73D /* WebSocketManager.h */,
				185F17F81E2DBC9B00C4B73D /* WebSocketManager.m */,
			);
			name = WebSocket;
			sourceTree = "<group>";
		};
		185F17FC1E2DC0B700C4B73D /* nodejs */ = {
			isa = PBXGroup;
			children = (
				185F17A21E2DB36D00C4B73D /* server.js */,
			);
			name = nodejs;
			sourceTree = "<group>";
		};
		185F17FD1E2DC0DD00C4B73D /* MQTT */ = {
			isa = PBXGroup;
			children = (
				185F18011E2DC5B800C4B73D /* MQTTServer.js */,
				185F17FE1E2DC42000C4B73D /* MQTTManager.h */,
				185F17FF1E2DC42000C4B73D /* MQTTManager.m */,
			);
			name = MQTT;
			sourceTree = "<group>";
		};
		185F18031E2DCBE700C4B73D /* XMPP */ = {
			isa = PBXGroup;
			children = (
			);
			name = XMPP;
			sourceTree = "<group>";
		};
		1D47ED5F58087FD9F34BFC6F /* Pods */ = {
			isa = PBXGroup;
			children = (
				60EA0EB9F22137A8DA2BAA17 /* Pods-IMWIthSocketDemo.debug.xcconfig */,
				2652B823224AFBEB39B07835 /* Pods-IMWIthSocketDemo.release.xcconfig */,
			);
			name = Pods;
			sourceTree = "<group>";
		};
		7FABACA4B41717E0A2EAD945 /* Frameworks */ = {
			isa = PBXGroup;
			children = (
				ADFE1874B2D65369865C0118 /* Pods_IMWIthSocketDemo.framework */,
			);
			name = Frameworks;
			sourceTree = "<group>";
		};
/* End PBXGroup section */

/* Begin PBXNativeTarget section */
		185F17871E2DB35C00C4B73D /* IMWIthSocketDemo */ = {
			isa = PBXNativeTarget;
			buildConfigurationList = 185F179F1E2DB35C00C4B73D /* Build configuration list for PBXNativeTarget "IMWIthSocketDemo" */;
			buildPhases = (
				33D869522F423BC795958B48 /* [CP] Check Pods Manifest.lock */,
				185F17841E2DB35C00C4B73D /* Sources */,
				185F17851E2DB35C00C4B73D /* Frameworks */,
				185F17861E2DB35C00C4B73D /* Resources */,
				DA28E1A73D1B88F24725636D /* [CP] Embed Pods Frameworks */,
				7A838E38FC5B0710F68A79C8 /* [CP] Copy Pods Resources */,
			);
			buildRules = (
			);
			dependencies = (
			);
			name = IMWIthSocketDemo;
			productName = IMWIthSocketDemo;
			productReference = 185F17881E2DB35C00C4B73D /* IMWIthSocketDemo.app */;
			productType = "com.apple.product-type.application";
		};
/* End PBXNativeTarget section */

/* Begin PBXProject section */
		185F17801E2DB35C00C4B73D /* Project object */ = {
			isa = PBXProject;
			attributes = {
				LastUpgradeCheck = 0810;
				ORGANIZATIONNAME = guchunli;
				TargetAttributes = {
					185F17871E2DB35C00C4B73D = {
						CreatedOnToolsVersion = 8.1;
						DevelopmentTeam = R8GM265Y35;
						ProvisioningStyle = Automatic;
					};
				};
			};
			buildConfigurationList = 185F17831E2DB35C00C4B73D /* Build configuration list for PBXProject "IMWIthSocketDemo" */;
			compatibilityVersion = "Xcode 3.2";
			developmentRegion = English;
			hasScannedForEncodings = 0;
			knownRegions = (
				en,
				Base,
			);
			mainGroup = 185F177F1E2DB35C00C4B73D;
			productRefGroup = 185F17891E2DB35C00C4B73D /* Products */;
			projectDirPath = "";
			projectRoot = "";
			targets = (
				185F17871E2DB35C00C4B73D /* IMWIthSocketDemo */,
			);
		};
/* End PBXProject section */

/* Begin PBXResourcesBuildPhase section */
		185F17861E2DB35C00C4B73D /* Resources */ = {
			isa = PBXResourcesBuildPhase;
			buildActionMask = 2147483647;
			files = (
				185F179B1E2DB35C00C4B73D /* LaunchScreen.storyboard in Resources */,
				185F17FB1E2DC0B400C4B73D /* WSServer.js in Resources */,
				185F17981E2DB35C00C4B73D /* Assets.xcassets in Resources */,
				185F17961E2DB35C00C4B73D /* Main.storyboard in Resources */,
				185F17A51E2DB36D00C4B73D /* server.js in Resources */,
				185F18021E2DC5B800C4B73D /* MQTTServer.js in Resources */,
			);
			runOnlyForDeploymentPostprocessing = 0;
		};
/* End PBXResourcesBuildPhase section */

/* Begin PBXShellScriptBuildPhase section */
		33D869522F423BC795958B48 /* [CP] Check Pods Manifest.lock */ = {
			isa = PBXShellScriptBuildPhase;
			buildActionMask = 2147483647;
			files = (
			);
			inputPaths = (
			);
			name = "[CP] Check Pods Manifest.lock";
			outputPaths = (
			);
			runOnlyForDeploymentPostprocessing = 0;
			shellPath = /bin/sh;
			shellScript = "diff \"${PODS_ROOT}/../Podfile.lock\" \"${PODS_ROOT}/Manifest.lock\" > /dev/null\nif [ $? != 0 ] ; then\n    # print error to STDERR\n    echo \"error: The sandbox is not in sync with the Podfile.lock. Run 'pod install' or update your CocoaPods installation.\" >&2\n    exit 1\nfi\n";
			showEnvVarsInLog = 0;
		};
		7A838E38FC5B0710F68A79C8 /* [CP] Copy Pods Resources */ = {
			isa = PBXShellScriptBuildPhase;
			buildActionMask = 2147483647;
			files = (
			);
			inputPaths = (
			);
			name = "[CP] Copy Pods Resources";
			outputPaths = (
			);
			runOnlyForDeploymentPostprocessing = 0;
			shellPath = /bin/sh;
			shellScript = "\"${SRCROOT}/Pods/Target Support Files/Pods-IMWIthSocketDemo/Pods-IMWIthSocketDemo-resources.sh\"\n";
			showEnvVarsInLog = 0;
		};
		DA28E1A73D1B88F24725636D /* [CP] Embed Pods Frameworks */ = {
			isa = PBXShellScriptBuildPhase;
			buildActionMask = 2147483647;
			files = (
			);
			inputPaths = (
			);
			name = "[CP] Embed Pods Frameworks";
			outputPaths = (
			);
			runOnlyForDeploymentPostprocessing = 0;
			shellPath = /bin/sh;
			shellScript = "\"${SRCROOT}/Pods/Target Support Files/Pods-IMWIthSocketDemo/Pods-IMWIthSocketDemo-frameworks.sh\"\n";
			showEnvVarsInLog = 0;
		};
/* End PBXShellScriptBuildPhase section */

/* Begin PBXSourcesBuildPhase section */
		185F17841E2DB35C00C4B73D /* Sources */ = {
			isa = PBXSourcesBuildPhase;
			buildActionMask = 2147483647;
			files = (
				185F17AD1E2DB9BD00C4B73D /* GCDAsyncSocket.m in Sources */,
				185F18001E2DC42000C4B73D /* MQTTManager.m in Sources */,
				185F17931E2DB35C00C4B73D /* ViewController.m in Sources */,
				185F17F91E2DBC9B00C4B73D /* WebSocketManager.m in Sources */,
				185F17901E2DB35C00C4B73D /* AppDelegate.m in Sources */,
				185F17A61E2DB36D00C4B73D /* SocketManager.m in Sources */,
				185F178D1E2DB35C00C4B73D /* main.m in Sources */,
				185F17A91E2DB8B700C4B73D /* GCDAsynManager.m in Sources */,
			);
			runOnlyForDeploymentPostprocessing = 0;
		};
/* End PBXSourcesBuildPhase section */

/* Begin PBXVariantGroup section */
		185F17941E2DB35C00C4B73D /* Main.storyboard */ = {
			isa = PBXVariantGroup;
			children = (
				185F17951E2DB35C00C4B73D /* Base */,
			);
			name = Main.storyboard;
			sourceTree = "<group>";
		};
		185F17991E2DB35C00C4B73D /* LaunchScreen.storyboard */ = {
			isa = PBXVariantGroup;
			children = (
				185F179A1E2DB35C00C4B73D /* Base */,
			);
			name = LaunchScreen.storyboard;
			sourceTree = "<group>";
		};
/* End PBXVariantGroup section */

/* Begin XCBuildConfiguration section */
		185F179D1E2DB35C00C4B73D /* Debug */ = {
			isa = XCBuildConfiguration;
			buildSettings = {
				ALWAYS_SEARCH_USER_PATHS = NO;
				CLANG_ANALYZER_NONNULL = YES;
				CLANG_CXX_LANGUAGE_STANDARD = "gnu++0x";
				CLANG_CXX_LIBRARY = "libc++";
				CLANG_ENABLE_MODULES = YES;
				CLANG_ENABLE_OBJC_ARC = YES;
				CLANG_WARN_BOOL_CONVERSION = YES;
				CLANG_WARN_CONSTANT_CONVERSION = YES;
				CLANG_WARN_DIRECT_OBJC_ISA_USAGE = YES_ERROR;
				CLANG_WARN_DOCUMENTATION_COMMENTS = YES;
				CLANG_WARN_EMPTY_BODY = YES;
				CLANG_WARN_ENUM_CONVERSION = YES;
				CLANG_WARN_INFINITE_RECURSION = YES;
				CLANG_WARN_INT_CONVERSION = YES;
				CLANG_WARN_OBJC_ROOT_CLASS = YES_ERROR;
				CLANG_WARN_SUSPICIOUS_MOVES = YES;
				CLANG_WARN_UNREACHABLE_CODE = YES;
				CLANG_WARN__DUPLICATE_METHOD_MATCH = YES;
				"CODE_SIGN_IDENTITY[sdk=iphoneos*]" = "iPhone Developer";
				COPY_PHASE_STRIP = NO;
				DEBUG_INFORMATION_FORMAT = dwarf;
				ENABLE_STRICT_OBJC_MSGSEND = YES;
				ENABLE_TESTABILITY = YES;
				GCC_C_LANGUAGE_STANDARD = gnu99;
				GCC_DYNAMIC_NO_PIC = NO;
				GCC_NO_COMMON_BLOCKS = YES;
				GCC_OPTIMIZATION_LEVEL = 0;
				GCC_PREPROCESSOR_DEFINITIONS = (
					"DEBUG=1",
					"$(inherited)",
				);
				GCC_WARN_64_TO_32_BIT_CONVERSION = YES;
				GCC_WARN_ABOUT_RETURN_TYPE = YES_ERROR;
				GCC_WARN_UNDECLARED_SELECTOR = YES;
				GCC_WARN_UNINITIALIZED_AUTOS = YES_AGGRESSIVE;
				GCC_WARN_UNUSED_FUNCTION = YES;
				GCC_WARN_UNUSED_VARIABLE = YES;
				IPHONEOS_DEPLOYMENT_TARGET = 10.1;
				MTL_ENABLE_DEBUG_INFO = YES;
				ONLY_ACTIVE_ARCH = YES;
				SDKROOT = iphoneos;
			};
			name = Debug;
		};
		185F179E1E2DB35C00C4B73D /* Release */ = {
			isa = XCBuildConfiguration;
			buildSettings = {
				ALWAYS_SEARCH_USER_PATHS = NO;
				CLANG_ANALYZER_NONNULL = YES;
				CLANG_CXX_LANGUAGE_STANDARD = "gnu++0x";
				CLANG_CXX_LIBRARY = "libc++";
				CLANG_ENABLE_MODULES = YES;
				CLANG_ENABLE_OBJC_ARC = YES;
				CLANG_WARN_BOOL_CONVERSION = YES;
				CLANG_WARN_CONSTANT_CONVERSION = YES;
				CLANG_WARN_DIRECT_OBJC_ISA_USAGE = YES_ERROR;
				CLANG_WARN_DOCUMENTATION_COMMENTS = YES;
				CLANG_WARN_EMPTY_BODY = YES;
				CLANG_WARN_ENUM_CONVERSION = YES;
				CLANG_WARN_INFINITE_RECURSION = YES;
				CLANG_WARN_INT_CONVERSION = YES;
				CLANG_WARN_OBJC_ROOT_CLASS = YES_ERROR;
				CLANG_WARN_SUSPICIOUS_MOVES = YES;
				CLANG_WARN_UNREACHABLE_CODE = YES;
				CLANG_WARN__DUPLICATE_METHOD_MATCH = YES;
				"CODE_SIGN_IDENTITY[sdk=iphoneos*]" = "iPhone Developer";
				COPY_PHASE_STRIP = NO;
				DEBUG_INFORMATION_FORMAT = "dwarf-with-dsym";
				ENABLE_NS_ASSERTIONS = NO;
				ENABLE_STRICT_OBJC_MSGSEND = YES;
				GCC_C_LANGUAGE_STANDARD = gnu99;
				GCC_NO_COMMON_BLOCKS = YES;
				GCC_WARN_64_TO_32_BIT_CONVERSION = YES;
				GCC_WARN_ABOUT_RETURN_TYPE = YES_ERROR;
				GCC_WARN_UNDECLARED_SELECTOR = YES;
				GCC_WARN_UNINITIALIZED_AUTOS = YES_AGGRESSIVE;
				GCC_WARN_UNUSED_FUNCTION = YES;
				GCC_WARN_UNUSED_VARIABLE = YES;
				IPHONEOS_DEPLOYMENT_TARGET = 10.1;
				MTL_ENABLE_DEBUG_INFO = NO;
				SDKROOT = iphoneos;
				VALIDATE_PRODUCT = YES;
			};
			name = Release;
		};
		185F17A01E2DB35C00C4B73D /* Debug */ = {
			isa = XCBuildConfiguration;
			baseConfigurationReference = 60EA0EB9F22137A8DA2BAA17 /* Pods-IMWIthSocketDemo.debug.xcconfig */;
			buildSettings = {
				ASSETCATALOG_COMPILER_APPICON_NAME = AppIcon;
				DEVELOPMENT_TEAM = R8GM265Y35;
				INFOPLIST_FILE = IMWIthSocketDemo/Info.plist;
				IPHONEOS_DEPLOYMENT_TARGET = 8.0;
				LD_RUNPATH_SEARCH_PATHS = "$(inherited) @executable_path/Frameworks";
				PRODUCT_BUNDLE_IDENTIFIER = com.guchunli.IMWIthSocketDemo;
				PRODUCT_NAME = "$(TARGET_NAME)";
			};
			name = Debug;
		};
		185F17A11E2DB35C00C4B73D /* Release */ = {
			isa = XCBuildConfiguration;
			baseConfigurationReference = 2652B823224AFBEB39B07835 /* Pods-IMWIthSocketDemo.release.xcconfig */;
			buildSettings = {
				ASSETCATALOG_COMPILER_APPICON_NAME = AppIcon;
				DEVELOPMENT_TEAM = R8GM265Y35;
				INFOPLIST_FILE = IMWIthSocketDemo/Info.plist;
				IPHONEOS_DEPLOYMENT_TARGET = 8.0;
				LD_RUNPATH_SEARCH_PATHS = "$(inherited) @executable_path/Frameworks";
				PRODUCT_BUNDLE_IDENTIFIER = com.guchunli.IMWIthSocketDemo;
				PRODUCT_NAME = "$(TARGET_NAME)";
			};
			name = Release;
		};
/* End XCBuildConfiguration section */

/* Begin XCConfigurationList section */
		185F17831E2DB35C00C4B73D /* Build configuration list for PBXProject "IMWIthSocketDemo" */ = {
			isa = XCConfigurationList;
			buildConfigurations = (
				185F179D1E2DB35C00C4B73D /* Debug */,
				185F179E1E2DB35C00C4B73D /* Release */,
			);
			defaultConfigurationIsVisible = 0;
			defaultConfigurationName = Release;
		};
		185F179F1E2DB35C00C4B73D /* Build configuration list for PBXNativeTarget "IMWIthSocketDemo" */ = {
			isa = XCConfigurationList;
			buildConfigurations = (
				185F17A01E2DB35C00C4B73D /* Debug */,
				185F17A11E2DB35C00C4B73D /* Release */,
			);
			defaultConfigurationIsVisible = 0;
			defaultConfigurationName = Release;
		};
/* End XCConfigurationList section */
	};
	rootObject = 185F17801E2DB35C00C4B73D /* Project object */;
}
